
Microsoft Visual Studio Solution File, Format Version 12.00
# Visual Studio 15
VisualStudioVersion = 15.0.27703.2042
MinimumVisualStudioVersion = 10.0.40219.1
Project("{FAE04EC0-301F-11D3-BF4B-00C04F79EFBC}") = "PlashBase", "PlashBase.csproj", "{035B0D36-9A06-44ED-A78A-EDB078CCCB93}"
EndProject
Project("{FAE04EC0-301F-11D3-BF4B-00C04F79EFBC}") = "PLASHSimulation", "..\PLASHSimulation\PLASHSimulation.csproj", "{D6D9CAFC-4C5B-4F5A-A1C3-66CF4CF690A6}"
EndProject
Global
	GlobalSection(SolutionConfigurationPlatforms) = preSolution
		Debug|Any CPU = Debug|Any CPU
		Release|Any CPU = Release|Any CPU
	EndGlobalSection
	GlobalSection(ProjectConfigurationPlatforms) = postSolution
		{035B0D36-9A06-44ED-A78A-EDB078CCCB93}.Debug|Any CPU.ActiveCfg = Debug|Any CPU
		{035B0D36-9A06-44ED-A78A-EDB078CCCB93}.Debug|Any CPU.Build.0 = Debug|Any CPU
		{035B0D36-9A06-44ED-A78A-EDB078CCCB93}.Release|Any CPU.ActiveCfg = Release|Any CPU
		{035B0D36-9A06-44ED-A78A-EDB078CCCB93}.Release|Any CPU.Build.0 = Release|Any CPU
		{D6D9CAFC-4C5B-4F5A-A1C3-66CF4CF690A6}.Debug|Any CPU.ActiveCfg = Debug|Any CPU
		{D6D9CAFC-4C5B-4F5A-A1C3-66CF4CF690A6}.Debug|Any CPU.Build.0 = Debug|Any CPU
		{D6D9CAFC-4C5B-4F5A-A1C3-66CF4CF690A6}.Release|Any CPU.ActiveCfg = Release|Any CPU
		{D6D9CAFC-4C5B-4F5A-A1C3-66CF4CF690A6}.Release|Any CPU.Build.0 = Release|Any CPU
	EndGlobalSection
	GlobalSection(SolutionProperties) = preSolution
		HideSolutionNode = FALSE
	EndGlobalSection
	GlobalSection(ExtensibilityGlobals) = postSolution
		SolutionGuid = {56FAA02A-527B-4F89-A0A8-6C3A71B92327}
	EndGlobalSection
EndGlobal
